{
  "name": "reason-js-play",
  "version": "0.1.0",
  "lockfileVersion": 1,
  "requires": true,
  "dependencies": {
    "bs-platform": {
      "version": "4.0.5",
      "resolved": "https://registry.npmjs.org/bs-platform/-/bs-platform-4.0.5.tgz",
      "integrity": "sha512-wK+yUx/5ojlrxgk/EB3Hla7+9NEnE8PxtGb71e4IsKnWPXrRAaVtdTuoWWClv8z77xntOFg8qTgYfYyh9xLMWA==",
      "dev": true
    },
    "reason-cli": {
      "version": "3.3.3-macos-1",
      "resolved": "https://registry.npmjs.org/reason-cli/-/reason-cli-3.3.3-macos-1.tgz",
      "integrity": "sha512-YdX54+bG2qjwlKYpgttfdhUIpKvkxBMY4x530GOyvSNNMU7pSzuc2H5x6Bt8pxKOyq0Kz/NQk/TMXT5AITdFcg==",
      "dev": true
    }
  }
}
